
Microsoft Visual Studio Solution File, Format Version 12.00
# Visual Studio Version 17
VisualStudioVersion = 17.3.32819.101
MinimumVisualStudioVersion = 10.0.40219.1
Project("{FAE04EC0-301F-11D3-BF4B-00C04F79EFBC}") = "KargoTakip001", "KargoTakip001\KargoTakip001.csproj", "{3BAE2328-50F1-44A0-9537-8F5A8C18B821}"
EndProject
Project("{FAE04EC0-301F-11D3-BF4B-00C04F79EFBC}") = "WindowsFormsApp1", "WindowsFormsApp1\WindowsFormsApp1.csproj", "{5757027C-352F-4CB4-8181-558FE3DCC651}"
EndProject
Global
	GlobalSection(SolutionConfigurationPlatforms) = preSolution
		Debug|Any CPU = Debug|Any CPU
		Release|Any CPU = Release|Any CPU
	EndGlobalSection
	GlobalSection(ProjectConfigurationPlatforms) = postSolution
		{3BAE2328-50F1-44A0-9537-8F5A8C18B821}.Debug|Any CPU.ActiveCfg = Debug|Any CPU
		{3BAE2328-50F1-44A0-9537-8F5A8C18B821}.Debug|Any CPU.Build.0 = Debug|Any CPU
		{3BAE2328-50F1-44A0-9537-8F5A8C18B821}.Release|Any CPU.ActiveCfg = Release|Any CPU
		{3BAE2328-50F1-44A0-9537-8F5A8C18B821}.Release|Any CPU.Build.0 = Release|Any CPU
		{5757027C-352F-4CB4-8181-558FE3DCC651}.Debug|Any CPU.ActiveCfg = Debug|Any CPU
		{5757027C-352F-4CB4-8181-558FE3DCC651}.Debug|Any CPU.Build.0 = Debug|Any CPU
		{5757027C-352F-4CB4-8181-558FE3DCC651}.Release|Any CPU.ActiveCfg = Release|Any CPU
		{5757027C-352F-4CB4-8181-558FE3DCC651}.Release|Any CPU.Build.0 = Release|Any CPU
	EndGlobalSection
	GlobalSection(SolutionProperties) = preSolution
		HideSolutionNode = FALSE
	EndGlobalSection
	GlobalSection(ExtensibilityGlobals) = postSolution
		SolutionGuid = {B0E06566-BCF1-44D9-8518-1A8D90491E47}
	EndGlobalSection
EndGlobal
